
Microsoft Visual Studio Solution File, Format Version 12.00
# Visual Studio Version 17
VisualStudioVersion = 17.5.33424.131
MinimumVisualStudioVersion = 10.0.40219.1
Project("{FAE04EC0-301F-11D3-BF4B-00C04F79EFBC}") = "ConsoleApp", "ConsoleApp\ConsoleApp.csproj", "{6DA873E6-3D08-4572-8497-1778EDD0B8FF}"
EndProject
Global
	GlobalSection(SolutionConfigurationPlatforms) = preSolution
		Debug|Any CPU = Debug|Any CPU
		Release|Any CPU = Release|Any CPU
	EndGlobalSection
	GlobalSection(ProjectConfigurationPlatforms) = postSolution
		{6DA873E6-3D08-4572-8497-1778EDD0B8FF}.Debug|Any CPU.ActiveCfg = Debug|Any CPU
		{6DA873E6-3D08-4572-8497-1778EDD0B8FF}.Debug|Any CPU.Build.0 = Debug|Any CPU
		{6DA873E6-3D08-4572-8497-1778EDD0B8FF}.Release|Any CPU.ActiveCfg = Release|Any CPU
		{6DA873E6-3D08-4572-8497-1778EDD0B8FF}.Release|Any CPU.Build.0 = Release|Any CPU
	EndGlobalSection
	GlobalSection(SolutionProperties) = preSolution
		HideSolutionNode = FALSE
	EndGlobalSection
	GlobalSection(ExtensibilityGlobals) = postSolution
		SolutionGuid = {4D324131-B5C4-4C7A-8BBC-38BADEB082C5}
	EndGlobalSection
EndGlobal
